
Microsoft Visual Studio Solution File, Format Version 12.00
# Visual Studio 2013
VisualStudioVersion = 12.0.21005.1
MinimumVisualStudioVersion = 10.0.40219.1
Project("{FAE04EC0-301F-11D3-BF4B-00C04F79EFBC}") = "Katmanlar", "Katmanlar\Katmanlar.csproj", "{F3A18884-9518-420E-A93B-982E9671E448}"
EndProject
Project("{FAE04EC0-301F-11D3-BF4B-00C04F79EFBC}") = "NorthwindEntity", "NorthwindEntity\NorthwindEntity.csproj", "{F0E5EA71-52A6-47FD-920F-458142D177DB}"
EndProject
Project("{FAE04EC0-301F-11D3-BF4B-00C04F79EFBC}") = "NorthwindDAL", "NorthwindDAL\NorthwindDAL.csproj", "{F6E3FDF6-8A48-4917-A1E8-DD7056FFC7C3}"
EndProject
Global
	GlobalSection(SolutionConfigurationPlatforms) = preSolution
		Debug|Any CPU = Debug|Any CPU
		Release|Any CPU = Release|Any CPU
	EndGlobalSection
	GlobalSection(ProjectConfigurationPlatforms) = postSolution
		{F3A18884-9518-420E-A93B-982E9671E448}.Debug|Any CPU.ActiveCfg = Debug|Any CPU
		{F3A18884-9518-420E-A93B-982E9671E448}.Debug|Any CPU.Build.0 = Debug|Any CPU
		{F3A18884-9518-420E-A93B-982E9671E448}.Release|Any CPU.ActiveCfg = Release|Any CPU
		{F3A18884-9518-420E-A93B-982E9671E448}.Release|Any CPU.Build.0 = Release|Any CPU
		{F0E5EA71-52A6-47FD-920F-458142D177DB}.Debug|Any CPU.ActiveCfg = Debug|Any CPU
		{F0E5EA71-52A6-47FD-920F-458142D177DB}.Debug|Any CPU.Build.0 = Debug|Any CPU
		{F0E5EA71-52A6-47FD-920F-458142D177DB}.Release|Any CPU.ActiveCfg = Release|Any CPU
		{F0E5EA71-52A6-47FD-920F-458142D177DB}.Release|Any CPU.Build.0 = Release|Any CPU
		{F6E3FDF6-8A48-4917-A1E8-DD7056FFC7C3}.Debug|Any CPU.ActiveCfg = Debug|Any CPU
		{F6E3FDF6-8A48-4917-A1E8-DD7056FFC7C3}.Debug|Any CPU.Build.0 = Debug|Any CPU
		{F6E3FDF6-8A48-4917-A1E8-DD7056FFC7C3}.Release|Any CPU.ActiveCfg = Release|Any CPU
		{F6E3FDF6-8A48-4917-A1E8-DD7056FFC7C3}.Release|Any CPU.Build.0 = Release|Any CPU
	EndGlobalSection
	GlobalSection(SolutionProperties) = preSolution
		HideSolutionNode = FALSE
	EndGlobalSection
EndGlobal
