
Microsoft Visual Studio Solution File, Format Version 12.00
# Visual Studio 2013
VisualStudioVersion = 12.0.21005.1
MinimumVisualStudioVersion = 10.0.40219.1
Project("{FAE04EC0-301F-11D3-BF4B-00C04F79EFBC}") = "Hepbilik_proje", "Hepbilik_proje\Hepbilik_proje.csproj", "{1B8FAD33-ACD0-4089-8C7A-8F2CD9BDC880}"
EndProject
Global
	GlobalSection(TeamFoundationVersionControl) = preSolution
		SccNumberOfProjects = 2
		SccEnterpriseProvider = {4CA58AB2-18FA-4F8D-95D4-32DDF27D184C}
		SccTeamFoundationServer = https://hepbirlik.visualstudio.com/defaultcollection
		SccLocalPath0 = .
		SccProjectUniqueName1 = Hepbilik_proje\\Hepbilik_proje.csproj
		SccProjectName1 = Hepbilik_proje
		SccLocalPath1 = Hepbilik_proje
	EndGlobalSection
	GlobalSection(SolutionConfigurationPlatforms) = preSolution
		Debug|Any CPU = Debug|Any CPU
		Release|Any CPU = Release|Any CPU
	EndGlobalSection
	GlobalSection(ProjectConfigurationPlatforms) = postSolution
		{1B8FAD33-ACD0-4089-8C7A-8F2CD9BDC880}.Debug|Any CPU.ActiveCfg = Debug|Any CPU
		{1B8FAD33-ACD0-4089-8C7A-8F2CD9BDC880}.Debug|Any CPU.Build.0 = Debug|Any CPU
		{1B8FAD33-ACD0-4089-8C7A-8F2CD9BDC880}.Release|Any CPU.ActiveCfg = Release|Any CPU
		{1B8FAD33-ACD0-4089-8C7A-8F2CD9BDC880}.Release|Any CPU.Build.0 = Release|Any CPU
	EndGlobalSection
	GlobalSection(SolutionProperties) = preSolution
		HideSolutionNode = FALSE
	EndGlobalSection
EndGlobal
