
Microsoft Visual Studio Solution File, Format Version 12.00
# Visual Studio 2013
VisualStudioVersion = 12.0.21005.1
MinimumVisualStudioVersion = 10.0.40219.1
Project("{FAE04EC0-301F-11D3-BF4B-00C04F79EFBC}") = "Katmanlar", "Katmanlar\Katmanlar.csproj", "{F8B43C14-2DCA-46CD-883C-D7DDD91FB319}"
EndProject
Project("{FAE04EC0-301F-11D3-BF4B-00C04F79EFBC}") = "NorthwindEntity", "NorthwindEntity\NorthwindEntity.csproj", "{AD27DCDA-656B-42B8-BE6D-B089A2E4672B}"
EndProject
Project("{FAE04EC0-301F-11D3-BF4B-00C04F79EFBC}") = "NorthwindDAL", "NorthwindDAL\NorthwindDAL.csproj", "{1D2171BA-7144-4D6F-87E6-C19DEFC83E3B}"
EndProject
Global
	GlobalSection(TeamFoundationVersionControl) = preSolution
		SccNumberOfProjects = 4
		SccEnterpriseProvider = {4CA58AB2-18FA-4F8D-95D4-32DDF27D184C}
		SccTeamFoundationServer = https://tayfuncoskun.visualstudio.com/defaultcollection
		SccLocalPath0 = .
		SccProjectUniqueName1 = Katmanlar\\Katmanlar.csproj
		SccProjectName1 = Katmanlar
		SccLocalPath1 = Katmanlar
		SccProjectUniqueName2 = NorthwindEntity\\NorthwindEntity.csproj
		SccProjectName2 = NorthwindEntity
		SccLocalPath2 = NorthwindEntity
		SccProjectUniqueName3 = NorthwindDAL\\NorthwindDAL.csproj
		SccProjectName3 = NorthwindDAL
		SccLocalPath3 = NorthwindDAL
	EndGlobalSection
	GlobalSection(SolutionConfigurationPlatforms) = preSolution
		Debug|Any CPU = Debug|Any CPU
		Release|Any CPU = Release|Any CPU
	EndGlobalSection
	GlobalSection(ProjectConfigurationPlatforms) = postSolution
		{F8B43C14-2DCA-46CD-883C-D7DDD91FB319}.Debug|Any CPU.ActiveCfg = Debug|Any CPU
		{F8B43C14-2DCA-46CD-883C-D7DDD91FB319}.Debug|Any CPU.Build.0 = Debug|Any CPU
		{F8B43C14-2DCA-46CD-883C-D7DDD91FB319}.Release|Any CPU.ActiveCfg = Release|Any CPU
		{F8B43C14-2DCA-46CD-883C-D7DDD91FB319}.Release|Any CPU.Build.0 = Release|Any CPU
		{AD27DCDA-656B-42B8-BE6D-B089A2E4672B}.Debug|Any CPU.ActiveCfg = Debug|Any CPU
		{AD27DCDA-656B-42B8-BE6D-B089A2E4672B}.Debug|Any CPU.Build.0 = Debug|Any CPU
		{AD27DCDA-656B-42B8-BE6D-B089A2E4672B}.Release|Any CPU.ActiveCfg = Release|Any CPU
		{AD27DCDA-656B-42B8-BE6D-B089A2E4672B}.Release|Any CPU.Build.0 = Release|Any CPU
		{1D2171BA-7144-4D6F-87E6-C19DEFC83E3B}.Debug|Any CPU.ActiveCfg = Debug|Any CPU
		{1D2171BA-7144-4D6F-87E6-C19DEFC83E3B}.Debug|Any CPU.Build.0 = Debug|Any CPU
		{1D2171BA-7144-4D6F-87E6-C19DEFC83E3B}.Release|Any CPU.ActiveCfg = Release|Any CPU
		{1D2171BA-7144-4D6F-87E6-C19DEFC83E3B}.Release|Any CPU.Build.0 = Release|Any CPU
	EndGlobalSection
	GlobalSection(SolutionProperties) = preSolution
		HideSolutionNode = FALSE
	EndGlobalSection
EndGlobal
